
Microsoft Visual Studio Solution File, Format Version 12.00
# Visual Studio 14
VisualStudioVersion = 14.0.25420.1
MinimumVisualStudioVersion = 10.0.40219.1
Project("{FAE04EC0-301F-11D3-BF4B-00C04F79EFBC}") = "Email.Web", "Email.Web\Email.Web.csproj", "{7F96AD4A-80BA-4428-8F9D-0B96C26C6FB2}"
EndProject
Project("{FAE04EC0-301F-11D3-BF4B-00C04F79EFBC}") = "Email.Util", "Email.Util\Email.Util.csproj", "{E17435B5-7315-4899-A9D7-0E6C5E6AC18A}"
EndProject
Project("{FAE04EC0-301F-11D3-BF4B-00C04F79EFBC}") = "Emaill.Model", "Emaill.Model\Emaill.Model.csproj", "{AC13243A-4277-4585-A0F5-087FDB6DED57}"
EndProject
Project("{FAE04EC0-301F-11D3-BF4B-00C04F79EFBC}") = "Email.Service", "Email.Service\Email.Service.csproj", "{DEA57F8E-1316-4857-9EAD-D0B13304F336}"
EndProject
Project("{FAE04EC0-301F-11D3-BF4B-00C04F79EFBC}") = "Email.International", "Email.International\Email.International.csproj", "{1E5A0135-5245-43CF-92F3-EA5198AE20F6}"
EndProject
Project("{FAE04EC0-301F-11D3-BF4B-00C04F79EFBC}") = "Email.Console", "Email.Console\Email.Console.csproj", "{993855B9-D533-4E6F-9F79-B566F9BCEF3E}"
EndProject
Project("{FAE04EC0-301F-11D3-BF4B-00C04F79EFBC}") = "Email.Test", "Email.Test\Email.Test.csproj", "{CEFFA3E9-BB50-4546-BF2F-A184A679F83C}"
EndProject
Global
	GlobalSection(SolutionConfigurationPlatforms) = preSolution
		Debug|Any CPU = Debug|Any CPU
		Release|Any CPU = Release|Any CPU
	EndGlobalSection
	GlobalSection(ProjectConfigurationPlatforms) = postSolution
		{7F96AD4A-80BA-4428-8F9D-0B96C26C6FB2}.Debug|Any CPU.ActiveCfg = Debug|Any CPU
		{7F96AD4A-80BA-4428-8F9D-0B96C26C6FB2}.Debug|Any CPU.Build.0 = Debug|Any CPU
		{7F96AD4A-80BA-4428-8F9D-0B96C26C6FB2}.Release|Any CPU.ActiveCfg = Release|Any CPU
		{7F96AD4A-80BA-4428-8F9D-0B96C26C6FB2}.Release|Any CPU.Build.0 = Release|Any CPU
		{E17435B5-7315-4899-A9D7-0E6C5E6AC18A}.Debug|Any CPU.ActiveCfg = Debug|Any CPU
		{E17435B5-7315-4899-A9D7-0E6C5E6AC18A}.Debug|Any CPU.Build.0 = Debug|Any CPU
		{E17435B5-7315-4899-A9D7-0E6C5E6AC18A}.Release|Any CPU.ActiveCfg = Release|Any CPU
		{E17435B5-7315-4899-A9D7-0E6C5E6AC18A}.Release|Any CPU.Build.0 = Release|Any CPU
		{AC13243A-4277-4585-A0F5-087FDB6DED57}.Debug|Any CPU.ActiveCfg = Debug|Any CPU
		{AC13243A-4277-4585-A0F5-087FDB6DED57}.Debug|Any CPU.Build.0 = Debug|Any CPU
		{AC13243A-4277-4585-A0F5-087FDB6DED57}.Release|Any CPU.ActiveCfg = Release|Any CPU
		{AC13243A-4277-4585-A0F5-087FDB6DED57}.Release|Any CPU.Build.0 = Release|Any CPU
		{DEA57F8E-1316-4857-9EAD-D0B13304F336}.Debug|Any CPU.ActiveCfg = Debug|Any CPU
		{DEA57F8E-1316-4857-9EAD-D0B13304F336}.Debug|Any CPU.Build.0 = Debug|Any CPU
		{DEA57F8E-1316-4857-9EAD-D0B13304F336}.Release|Any CPU.ActiveCfg = Release|Any CPU
		{DEA57F8E-1316-4857-9EAD-D0B13304F336}.Release|Any CPU.Build.0 = Release|Any CPU
		{1E5A0135-5245-43CF-92F3-EA5198AE20F6}.Debug|Any CPU.ActiveCfg = Debug|Any CPU
		{1E5A0135-5245-43CF-92F3-EA5198AE20F6}.Debug|Any CPU.Build.0 = Debug|Any CPU
		{1E5A0135-5245-43CF-92F3-EA5198AE20F6}.Release|Any CPU.ActiveCfg = Release|Any CPU
		{1E5A0135-5245-43CF-92F3-EA5198AE20F6}.Release|Any CPU.Build.0 = Release|Any CPU
		{993855B9-D533-4E6F-9F79-B566F9BCEF3E}.Debug|Any CPU.ActiveCfg = Debug|Any CPU
		{993855B9-D533-4E6F-9F79-B566F9BCEF3E}.Debug|Any CPU.Build.0 = Debug|Any CPU
		{993855B9-D533-4E6F-9F79-B566F9BCEF3E}.Release|Any CPU.ActiveCfg = Release|Any CPU
		{993855B9-D533-4E6F-9F79-B566F9BCEF3E}.Release|Any CPU.Build.0 = Release|Any CPU
		{CEFFA3E9-BB50-4546-BF2F-A184A679F83C}.Debug|Any CPU.ActiveCfg = Debug|Any CPU
		{CEFFA3E9-BB50-4546-BF2F-A184A679F83C}.Debug|Any CPU.Build.0 = Debug|Any CPU
		{CEFFA3E9-BB50-4546-BF2F-A184A679F83C}.Release|Any CPU.ActiveCfg = Release|Any CPU
		{CEFFA3E9-BB50-4546-BF2F-A184A679F83C}.Release|Any CPU.Build.0 = Release|Any CPU
	EndGlobalSection
	GlobalSection(SolutionProperties) = preSolution
		HideSolutionNode = FALSE
	EndGlobalSection
EndGlobal
